
Microsoft Visual Studio Solution File, Format Version 12.00
# Visual Studio Version 17
VisualStudioVersion = 17.4.33205.214
MinimumVisualStudioVersion = 10.0.40219.1
Project("{FAE04EC0-301F-11D3-BF4B-00C04F79EFBC}") = "Lab1", "Lab1\Lab1.csproj", "{541869DC-CFD3-49DC-8820-5B9238C3AE55}"
EndProject
Global
	GlobalSection(SolutionConfigurationPlatforms) = preSolution
		Debug|Any CPU = Debug|Any CPU
		Release|Any CPU = Release|Any CPU
	EndGlobalSection
	GlobalSection(ProjectConfigurationPlatforms) = postSolution
		{541869DC-CFD3-49DC-8820-5B9238C3AE55}.Debug|Any CPU.ActiveCfg = Debug|Any CPU
		{541869DC-CFD3-49DC-8820-5B9238C3AE55}.Debug|Any CPU.Build.0 = Debug|Any CPU
		{541869DC-CFD3-49DC-8820-5B9238C3AE55}.Release|Any CPU.ActiveCfg = Release|Any CPU
		{541869DC-CFD3-49DC-8820-5B9238C3AE55}.Release|Any CPU.Build.0 = Release|Any CPU
	EndGlobalSection
	GlobalSection(SolutionProperties) = preSolution
		HideSolutionNode = FALSE
	EndGlobalSection
	GlobalSection(ExtensibilityGlobals) = postSolution
		SolutionGuid = {0A72BCDA-218E-4E2C-9EEA-8A22AF923845}
	EndGlobalSection
EndGlobal
